
Microsoft Visual Studio Solution File, Format Version 12.00
# Visual Studio Version 16
VisualStudioVersion = 16.0.30523.141
MinimumVisualStudioVersion = 10.0.40219.1
Project("{FAE04EC0-301F-11D3-BF4B-00C04F79EFBC}") = "vnnews", "vnnews\vnnews.csproj", "{D1B9AD45-E704-4D9D-9D20-8CC9ADB4816E}"
EndProject
Global
	GlobalSection(SolutionConfigurationPlatforms) = preSolution
		Debug|Any CPU = Debug|Any CPU
		Release|Any CPU = Release|Any CPU
	EndGlobalSection
	GlobalSection(ProjectConfigurationPlatforms) = postSolution
		{D1B9AD45-E704-4D9D-9D20-8CC9ADB4816E}.Debug|Any CPU.ActiveCfg = Debug|Any CPU
		{D1B9AD45-E704-4D9D-9D20-8CC9ADB4816E}.Debug|Any CPU.Build.0 = Debug|Any CPU
		{D1B9AD45-E704-4D9D-9D20-8CC9ADB4816E}.Release|Any CPU.ActiveCfg = Release|Any CPU
		{D1B9AD45-E704-4D9D-9D20-8CC9ADB4816E}.Release|Any CPU.Build.0 = Release|Any CPU
	EndGlobalSection
	GlobalSection(SolutionProperties) = preSolution
		HideSolutionNode = FALSE
	EndGlobalSection
	GlobalSection(ExtensibilityGlobals) = postSolution
		SolutionGuid = {BCB5E660-4D18-470F-B880-966C9A77ADA7}
	EndGlobalSection
EndGlobal
